
Microsoft Visual Studio Solution File, Format Version 12.00
# Visual Studio Version 17
VisualStudioVersion = 17.13.35825.156 d17.13
MinimumVisualStudioVersion = 10.0.40219.1
Project("{8BC9CEB8-8B4A-11D0-8D11-00A0C91BC942}") = "DeltaSim_WASM", "DeltaSim_WASM.vcxproj", "{A5468B35-BBBD-4C55-97ED-81BFE343B0E4}"
EndProject
Global
	GlobalSection(SolutionConfigurationPlatforms) = preSolution
		Debug|MSFS = Debug|MSFS
		Release|MSFS = Release|MSFS
	EndGlobalSection
	GlobalSection(ProjectConfigurationPlatforms) = postSolution
		{A5468B35-BBBD-4C55-97ED-81BFE343B0E4}.Debug|MSFS.ActiveCfg = Debug|MSFS
		{A5468B35-BBBD-4C55-97ED-81BFE343B0E4}.Debug|MSFS.Build.0 = Debug|MSFS
		{A5468B35-BBBD-4C55-97ED-81BFE343B0E4}.Release|MSFS.ActiveCfg = Release|MSFS
		{A5468B35-BBBD-4C55-97ED-81BFE343B0E4}.Release|MSFS.Build.0 = Release|MSFS
	EndGlobalSection
	GlobalSection(SolutionProperties) = preSolution
		HideSolutionNode = FALSE
	EndGlobalSection
	GlobalSection(ExtensibilityGlobals) = postSolution
		SolutionGuid = {5E236AE9-1D34-46BD-8762-088B0A654F9D}
	EndGlobalSection
EndGlobal
