
Microsoft Visual Studio Solution File, Format Version 12.00
# Visual Studio Version 16
VisualStudioVersion = 16.0.29709.97
MinimumVisualStudioVersion = 10.0.40219.1
Project("{8BC9CEB8-8B4A-11D0-8D11-00A0C91BC942}") = "AIObjects", "AIObjects.vcxproj", "{C5506594-7AB9-48CC-94A4-80967A9F4228}"
EndProject
Global
	GlobalSection(SolutionConfigurationPlatforms) = preSolution
		Debug|x64 = Debug|x64
		Debug|x86 = Debug|x86
		Release|x64 = Release|x64
		Release|x86 = Release|x86
	EndGlobalSection
	GlobalSection(ProjectConfigurationPlatforms) = postSolution
		{C5506594-7AB9-48CC-94A4-80967A9F4228}.Debug|x64.ActiveCfg = Debug|x64
		{C5506594-7AB9-48CC-94A4-80967A9F4228}.Debug|x64.Build.0 = Debug|x64
		{C5506594-7AB9-48CC-94A4-80967A9F4228}.Debug|x86.ActiveCfg = Debug|Win32
		{C5506594-7AB9-48CC-94A4-80967A9F4228}.Debug|x86.Build.0 = Debug|Win32
		{C5506594-7AB9-48CC-94A4-80967A9F4228}.Release|x64.ActiveCfg = Release|x64
		{C5506594-7AB9-48CC-94A4-80967A9F4228}.Release|x64.Build.0 = Release|x64
		{C5506594-7AB9-48CC-94A4-80967A9F4228}.Release|x86.ActiveCfg = Release|Win32
		{C5506594-7AB9-48CC-94A4-80967A9F4228}.Release|x86.Build.0 = Release|Win32
	EndGlobalSection
	GlobalSection(SolutionProperties) = preSolution
		HideSolutionNode = FALSE
	EndGlobalSection
	GlobalSection(ExtensibilityGlobals) = postSolution
		SolutionGuid = {9992A269-DCBD-4516-9413-CF9068F31C82}
	EndGlobalSection
EndGlobal
